// !$*UTF8*$!
{
	archiveVersion = 1;
	classes = {
	};
	objectVersion = 50;
	objects = {

/* Begin PBXBuildFile section */
		610A6291232D14D7007AF830 /* images1.png in Resources */ = {isa = PBXBuildFile; fileRef = 610A6290232D14D7007AF830 /* images1.png */; };
		610A629A232D1EC6007AF830 /* images3.png in Resources */ = {isa = PBXBuildFile; fileRef = 610A6298232D1EC6007AF830 /* images3.png */; };
		610A629B232D1EC6007AF830 /* images4.png in Resources */ = {isa = PBXBuildFile; fileRef = 610A6299232D1EC6007AF830 /* images4.png */; };
		614796D5232A3020006F5FFA /* AppDelegate.swift in Sources */ = {isa = PBXBuildFile; fileRef = 614796D4232A3020006F5FFA /* AppDelegate.swift */; };
		614796D7232A3020006F5FFA /* ViewController.swift in Sources */ = {isa = PBXBuildFile; fileRef = 614796D6232A3020006F5FFA /* ViewController.swift */; };
		614796DA232A3020006F5FFA /* Main.storyboard in Resources */ = {isa = PBXBuildFile; fileRef = 614796D8232A3020006F5FFA /* Main.storyboard */; };
		614796DC232A3021006F5FFA /* Assets.xcassets in Resources */ = {isa = PBXBuildFile; fileRef = 614796DB232A3021006F5FFA /* Assets.xcassets */; };
		614796DF232A3021006F5FFA /* LaunchScreen.storyboard in Resources */ = {isa = PBXBuildFile; fileRef = 614796DD232A3021006F5FFA /* LaunchScreen.storyboard */; };
		614796EF232A3CA5006F5FFA /* ResultViewController.swift in Sources */ = {isa = PBXBuildFile; fileRef = 614796EE232A3CA5006F5FFA /* ResultViewController.swift */; };
		61EB12EA233B8CE000DB66A6 /* images2.png in Resources */ = {isa = PBXBuildFile; fileRef = 61EB12E9233B8CE000DB66A6 /* images2.png */; };
/* End PBXBuildFile section */

/* Begin PBXFileReference section */
		610A6290232D14D7007AF830 /* images1.png */ = {isa = PBXFileReference; lastKnownFileType = image.png; path = images1.png; sourceTree = "<group>"; };
		610A6298232D1EC6007AF830 /* images3.png */ = {isa = PBXFileReference; lastKnownFileType = image.png; path = images3.png; sourceTree = "<group>"; };
		610A6299232D1EC6007AF830 /* images4.png */ = {isa = PBXFileReference; lastKnownFileType = image.png; path = images4.png; sourceTree = "<group>"; };
		614796D1232A3020006F5FFA /* slideshowApp.app */ = {isa = PBXFileReference; explicitFileType = wrapper.application; includeInIndex = 0; path = slideshowApp.app; sourceTree = BUILT_PRODUCTS_DIR; };
		614796D4232A3020006F5FFA /* AppDelegate.swift */ = {isa = PBXFileReference; lastKnownFileType = sourcecode.swift; path = AppDelegate.swift; sourceTree = "<group>"; };
		614796D6232A3020006F5FFA /* ViewController.swift */ = {isa = PBXFileReference; lastKnownFileType = sourcecode.swift; path = ViewController.swift; sourceTree = "<group>"; };
		614796D9232A3020006F5FFA /* Base */ = {isa = PBXFileReference; lastKnownFileType = file.storyboard; name = Base; path = Base.lproj/Main.storyboard; sourceTree = "<group>"; };
		614796DB232A3021006F5FFA /* Assets.xcassets */ = {isa = PBXFileReference; lastKnownFileType = folder.assetcatalog; path = Assets.xcassets; sourceTree = "<group>"; };
		614796DE232A3021006F5FFA /* Base */ = {isa = PBXFileReference; lastKnownFileType = file.storyboard; name = Base; path = Base.lproj/LaunchScreen.storyboard; sourceTree = "<group>"; };
		614796E0232A3021006F5FFA /* Info.plist */ = {isa = PBXFileReference; lastKnownFileType = text.plist.xml; path = Info.plist; sourceTree = "<group>"; };
		614796EE232A3CA5006F5FFA /* ResultViewController.swift */ = {isa = PBXFileReference; lastKnownFileType = sourcecode.swift; path = ResultViewController.swift; sourceTree = "<group>"; };
		61EB12E9233B8CE000DB66A6 /* images2.png */ = {isa = PBXFileReference; lastKnownFileType = image.png; path = images2.png; sourceTree = "<group>"; };
/* End PBXFileReference section */

/* Begin PBXFrameworksBuildPhase section */
		614796CE232A3020006F5FFA /* Frameworks */ = {
			isa = PBXFrameworksBuildPhase;
			buildActionMask = 2147483647;
			files = (
			);
			runOnlyForDeploymentPostprocessing = 0;
		};
/* End PBXFrameworksBuildPhase section */

/* Begin PBXGroup section */
		614796C8232A3020006F5FFA = {
			isa = PBXGroup;
			children = (
				614796D3232A3020006F5FFA /* slideshowApp */,
				614796D2232A3020006F5FFA /* Products */,
			);
			sourceTree = "<group>";
		};
		614796D2232A3020006F5FFA /* Products */ = {
			isa = PBXGroup;
			children = (
				614796D1232A3020006F5FFA /* slideshowApp.app */,
			);
			name = Products;
			sourceTree = "<group>";
		};
		614796D3232A3020006F5FFA /* slideshowApp */ = {
			isa = PBXGroup;
			children = (
				614796D4232A3020006F5FFA /* AppDelegate.swift */,
				614796D6232A3020006F5FFA /* ViewController.swift */,
				614796D8232A3020006F5FFA /* Main.storyboard */,
				614796DB232A3021006F5FFA /* Assets.xcassets */,
				614796DD232A3021006F5FFA /* LaunchScreen.storyboard */,
				614796E0232A3021006F5FFA /* Info.plist */,
				614796EE232A3CA5006F5FFA /* ResultViewController.swift */,
				610A6290232D14D7007AF830 /* images1.png */,
				61EB12E9233B8CE000DB66A6 /* images2.png */,
				610A6299232D1EC6007AF830 /* images4.png */,
				610A6298232D1EC6007AF830 /* images3.png */,
			);
			path = slideshowApp;
			sourceTree = "<group>";
		};
/* End PBXGroup section */

/* Begin PBXNativeTarget section */
		614796D0232A3020006F5FFA /* slideshowApp */ = {
			isa = PBXNativeTarget;
			buildConfigurationList = 614796E3232A3021006F5FFA /* Build configuration list for PBXNativeTarget "slideshowApp" */;
			buildPhases = (
				614796CD232A3020006F5FFA /* Sources */,
				614796CE232A3020006F5FFA /* Frameworks */,
				614796CF232A3020006F5FFA /* Resources */,
			);
			buildRules = (
			);
			dependencies = (
			);
			name = slideshowApp;
			productName = slideshowApp;
			productReference = 614796D1232A3020006F5FFA /* slideshowApp.app */;
			productType = "com.apple.product-type.application";
		};
/* End PBXNativeTarget section */

/* Begin PBXProject section */
		614796C9232A3020006F5FFA /* Project object */ = {
			isa = PBXProject;
			attributes = {
				LastSwiftUpdateCheck = 1020;
				LastUpgradeCheck = 1020;
				ORGANIZATIONNAME = kaoru.maruyama;
				TargetAttributes = {
					614796D0232A3020006F5FFA = {
						CreatedOnToolsVersion = 10.2.1;
					};
				};
			};
			buildConfigurationList = 614796CC232A3020006F5FFA /* Build configuration list for PBXProject "slideshowApp" */;
			compatibilityVersion = "Xcode 9.3";
			developmentRegion = en;
			hasScannedForEncodings = 0;
			knownRegions = (
				en,
				Base,
			);
			mainGroup = 614796C8232A3020006F5FFA;
			productRefGroup = 614796D2232A3020006F5FFA /* Products */;
			projectDirPath = "";
			projectRoot = "";
			targets = (
				614796D0232A3020006F5FFA /* slideshowApp */,
			);
		};
/* End PBXProject section */

/* Begin PBXResourcesBuildPhase section */
		614796CF232A3020006F5FFA /* Resources */ = {
			isa = PBXResourcesBuildPhase;
			buildActionMask = 2147483647;
			files = (
				614796DF232A3021006F5FFA /* LaunchScreen.storyboard in Resources */,
				61EB12EA233B8CE000DB66A6 /* images2.png in Resources */,
				610A6291232D14D7007AF830 /* images1.png in Resources */,
				614796DC232A3021006F5FFA /* Assets.xcassets in Resources */,
				614796DA232A3020006F5FFA /* Main.storyboard in Resources */,
				610A629B232D1EC6007AF830 /* images4.png in Resources */,
				610A629A232D1EC6007AF830 /* images3.png in Resources */,
			);
			runOnlyForDeploymentPostprocessing = 0;
		};
/* End PBXResourcesBuildPhase section */

/* Begin PBXSourcesBuildPhase section */
		614796CD232A3020006F5FFA /* Sources */ = {
			isa = PBXSourcesBuildPhase;
			buildActionMask = 2147483647;
			files = (
				614796D7232A3020006F5FFA /* ViewController.swift in Sources */,
				614796D5232A3020006F5FFA /* AppDelegate.swift in Sources */,
				614796EF232A3CA5006F5FFA /* ResultViewController.swift in Sources */,
			);
			runOnlyForDeploymentPostprocessing = 0;
		};
/* End PBXSourcesBuildPhase section */

/* Begin PBXVariantGroup section */
		614796D8232A3020006F5FFA /* Main.storyboard */ = {
			isa = PBXVariantGroup;
			children = (
				614796D9232A3020006F5FFA /* Base */,
			);
			name = Main.storyboard;
			sourceTree = "<group>";
		};
		614796DD232A3021006F5FFA /* LaunchScreen.storyboard */ = {
			isa = PBXVariantGroup;
			children = (
				614796DE232A3021006F5FFA /* Base */,
			);
			name = LaunchScreen.storyboard;
			sourceTree = "<group>";
		};
/* End PBXVariantGroup section */

/* Begin XCBuildConfiguration section */
		614796E1232A3021006F5FFA /* Debug */ = {
			isa = XCBuildConfiguration;
			buildSettings = {
				ALWAYS_SEARCH_USER_PATHS = NO;
				CLANG_ANALYZER_NONNULL = YES;
				CLANG_ANALYZER_NUMBER_OBJECT_CONVERSION = YES_AGGRESSIVE;
				CLANG_CXX_LANGUAGE_STANDARD = "gnu++14";
				CLANG_CXX_LIBRARY = "libc++";
				CLANG_ENABLE_MODULES = YES;
				CLANG_ENABLE_OBJC_ARC = YES;
				CLANG_ENABLE_OBJC_WEAK = YES;
				CLANG_WARN_BLOCK_CAPTURE_AUTORELEASING = YES;
				CLANG_WARN_BOOL_CONVERSION = YES;
				CLANG_WARN_COMMA = YES;
				CLANG_WARN_CONSTANT_CONVERSION = YES;
				CLANG_WARN_DEPRECATED_OBJC_IMPLEMENTATIONS = YES;
				CLANG_WARN_DIRECT_OBJC_ISA_USAGE = YES_ERROR;
				CLANG_WARN_DOCUMENTATION_COMMENTS = YES;
				CLANG_WARN_EMPTY_BODY = YES;
				CLANG_WARN_ENUM_CONVERSION = YES;
				CLANG_WARN_INFINITE_RECURSION = YES;
				CLANG_WARN_INT_CONVERSION = YES;
				CLANG_WARN_NON_LITERAL_NULL_CONVERSION = YES;
				CLANG_WARN_OBJC_IMPLICIT_RETAIN_SELF = YES;
				CLANG_WARN_OBJC_LITERAL_CONVERSION = YES;
				CLANG_WARN_OBJC_ROOT_CLASS = YES_ERROR;
				CLANG_WARN_RANGE_LOOP_ANALYSIS = YES;
				CLANG_WARN_STRICT_PROTOTYPES = YES;
				CLANG_WARN_SUSPICIOUS_MOVE = YES;
				CLANG_WARN_UNGUARDED_AVAILABILITY = YES_AGGRESSIVE;
				CLANG_WARN_UNREACHABLE_CODE = YES;
				CLANG_WARN__DUPLICATE_METHOD_MATCH = YES;
				CODE_SIGN_IDENTITY = "iPhone Developer";
				COPY_PHASE_STRIP = NO;
				DEBUG_INFORMATION_FORMAT = dwarf;
				ENABLE_STRICT_OBJC_MSGSEND = YES;
				ENABLE_TESTABILITY = YES;
				GCC_C_LANGUAGE_STANDARD = gnu11;
				GCC_DYNAMIC_NO_PIC = NO;
				GCC_NO_COMMON_BLOCKS = YES;
				GCC_OPTIMIZATION_LEVEL = 0;
				GCC_PREPROCESSOR_DEFINITIONS = (
					"DEBUG=1",
					"$(inherited)",
				);
				GCC_WARN_64_TO_32_BIT_CONVERSION = YES;
				GCC_WARN_ABOUT_RETURN_TYPE = YES_ERROR;
				GCC_WARN_UNDECLARED_SELECTOR = YES;
				GCC_WARN_UNINITIALIZED_AUTOS = YES_AGGRESSIVE;
				GCC_WARN_UNUSED_FUNCTION = YES;
				GCC_WARN_UNUSED_VARIABLE = YES;
				IPHONEOS_DEPLOYMENT_TARGET = 12.2;
				MTL_ENABLE_DEBUG_INFO = INCLUDE_SOURCE;
				MTL_FAST_MATH = YES;
				ONLY_ACTIVE_ARCH = YES;
				SDKROOT = iphoneos;
				SWIFT_ACTIVE_COMPILATION_CONDITIONS = DEBUG;
				SWIFT_OPTIMIZATION_LEVEL = "-Onone";
			};
			name = Debug;
		};
		614796E2232A3021006F5FFA /* Release */ = {
			isa = XCBuildConfiguration;
			buildSettings = {
				ALWAYS_SEARCH_USER_PATHS = NO;
				CLANG_ANALYZER_NONNULL = YES;
				CLANG_ANALYZER_NUMBER_OBJECT_CONVERSION = YES_AGGRESSIVE;
				CLANG_CXX_LANGUAGE_STANDARD = "gnu++14";
				CLANG_CXX_LIBRARY = "libc++";
				CLANG_ENABLE_MODULES = YES;
				CLANG_ENABLE_OBJC_ARC = YES;
				CLANG_ENABLE_OBJC_WEAK = YES;
				CLANG_WARN_BLOCK_CAPTURE_AUTORELEASING = YES;
				CLANG_WARN_BOOL_CONVERSION = YES;
				CLANG_WARN_COMMA = YES;
				CLANG_WARN_CONSTANT_CONVERSION = YES;
				CLANG_WARN_DEPRECATED_OBJC_IMPLEMENTATIONS = YES;
				CLANG_WARN_DIRECT_OBJC_ISA_USAGE = YES_ERROR;
				CLANG_WARN_DOCUMENTATION_COMMENTS = YES;
				CLANG_WARN_EMPTY_BODY = YES;
				CLANG_WARN_ENUM_CONVERSION = YES;
				CLANG_WARN_INFINITE_RECURSION = YES;
				CLANG_WARN_INT_CONVERSION = YES;
				CLANG_WARN_NON_LITERAL_NULL_CONVERSION = YES;
				CLANG_WARN_OBJC_IMPLICIT_RETAIN_SELF = YES;
				CLANG_WARN_OBJC_LITERAL_CONVERSION = YES;
				CLANG_WARN_OBJC_ROOT_CLASS = YES_ERROR;
				CLANG_WARN_RANGE_LOOP_ANALYSIS = YES;
				CLANG_WARN_STRICT_PROTOTYPES = YES;
				CLANG_WARN_SUSPICIOUS_MOVE = YES;
				CLANG_WARN_UNGUARDED_AVAILABILITY = YES_AGGRESSIVE;
				CLANG_WARN_UNREACHABLE_CODE = YES;
				CLANG_WARN__DUPLICATE_METHOD_MATCH = YES;
				CODE_SIGN_IDENTITY = "iPhone Developer";
				COPY_PHASE_STRIP = NO;
				DEBUG_INFORMATION_FORMAT = "dwarf-with-dsym";
				ENABLE_NS_ASSERTIONS = NO;
				ENABLE_STRICT_OBJC_MSGSEND = YES;
				GCC_C_LANGUAGE_STANDARD = gnu11;
				GCC_NO_COMMON_BLOCKS = YES;
				GCC_WARN_64_TO_32_BIT_CONVERSION = YES;
				GCC_WARN_ABOUT_RETURN_TYPE = YES_ERROR;
				GCC_WARN_UNDECLARED_SELECTOR = YES;
				GCC_WARN_UNINITIALIZED_AUTOS = YES_AGGRESSIVE;
				GCC_WARN_UNUSED_FUNCTION = YES;
				GCC_WARN_UNUSED_VARIABLE = YES;
				IPHONEOS_DEPLOYMENT_TARGET = 12.2;
				MTL_ENABLE_DEBUG_INFO = NO;
				MTL_FAST_MATH = YES;
				SDKROOT = iphoneos;
				SWIFT_COMPILATION_MODE = wholemodule;
				SWIFT_OPTIMIZATION_LEVEL = "-O";
				VALIDATE_PRODUCT = YES;
			};
			name = Release;
		};
		614796E4232A3021006F5FFA /* Debug */ = {
			isa = XCBuildConfiguration;
			buildSettings = {
				ASSETCATALOG_COMPILER_APPICON_NAME = AppIcon;
				CODE_SIGN_STYLE = Automatic;
				INFOPLIST_FILE = slideshowApp/Info.plist;
				LD_RUNPATH_SEARCH_PATHS = (
					"$(inherited)",
					"@executable_path/Frameworks",
				);
				PRODUCT_BUNDLE_IDENTIFIER = jp.techacademy.kaoru.maruyama.slideshowApp;
				PRODUCT_NAME = "$(TARGET_NAME)";
				SWIFT_VERSION = 5.0;
				TARGETED_DEVICE_FAMILY = "1,2";
			};
			name = Debug;
		};
		614796E5232A3021006F5FFA /* Release */ = {
			isa = XCBuildConfiguration;
			buildSettings = {
				ASSETCATALOG_COMPILER_APPICON_NAME = AppIcon;
				CODE_SIGN_STYLE = Automatic;
				INFOPLIST_FILE = slideshowApp/Info.plist;
				LD_RUNPATH_SEARCH_PATHS = (
					"$(inherited)",
					"@executable_path/Frameworks",
				);
				PRODUCT_BUNDLE_IDENTIFIER = jp.techacademy.kaoru.maruyama.slideshowApp;
				PRODUCT_NAME = "$(TARGET_NAME)";
				SWIFT_VERSION = 5.0;
				TARGETED_DEVICE_FAMILY = "1,2";
			};
			name = Release;
		};
/* End XCBuildConfiguration section */

/* Begin XCConfigurationList section */
		614796CC232A3020006F5FFA /* Build configuration list for PBXProject "slideshowApp" */ = {
			isa = XCConfigurationList;
			buildConfigurations = (
				614796E1232A3021006F5FFA /* Debug */,
				614796E2232A3021006F5FFA /* Release */,
			);
			defaultConfigurationIsVisible = 0;
			defaultConfigurationName = Release;
		};
		614796E3232A3021006F5FFA /* Build configuration list for PBXNativeTarget "slideshowApp" */ = {
			isa = XCConfigurationList;
			buildConfigurations = (
				614796E4232A3021006F5FFA /* Debug */,
				614796E5232A3021006F5FFA /* Release */,
			);
			defaultConfigurationIsVisible = 0;
			defaultConfigurationName = Release;
		};
/* End XCConfigurationList section */
	};
	rootObject = 614796C9232A3020006F5FFA /* Project object */;
}
